// !$*UTF8*$!
{
	archiveVersion = 1;
	classes = {
	};
	objectVersion = 50;
	objects = {

/* Begin PBXBuildFile section */
		CEC4872324E2B5AB00D4A3D5 /* AppDelegate.swift in Sources */ = {isa = PBXBuildFile; fileRef = CEC4872224E2B5AB00D4A3D5 /* AppDelegate.swift */; };
		CEC4872524E2B5AB00D4A3D5 /* SceneDelegate.swift in Sources */ = {isa = PBXBuildFile; fileRef = CEC4872424E2B5AB00D4A3D5 /* SceneDelegate.swift */; };
		CEC4872724E2B5AB00D4A3D5 /* ViewController.swift in Sources */ = {isa = PBXBuildFile; fileRef = CEC4872624E2B5AB00D4A3D5 /* ViewController.swift */; };
		CEC4872A24E2B5AB00D4A3D5 /* Main.storyboard in Resources */ = {isa = PBXBuildFile; fileRef = CEC4872824E2B5AB00D4A3D5 /* Main.storyboard */; };
		CEC4872C24E2B5AD00D4A3D5 /* Assets.xcassets in Resources */ = {isa = PBXBuildFile; fileRef = CEC4872B24E2B5AD00D4A3D5 /* Assets.xcassets */; };
		CEC4872F24E2B5AD00D4A3D5 /* LaunchScreen.storyboard in Resources */ = {isa = PBXBuildFile; fileRef = CEC4872D24E2B5AD00D4A3D5 /* LaunchScreen.storyboard */; };
/* End PBXBuildFile section */

/* Begin PBXFileReference section */
		CEC4871F24E2B5AB00D4A3D5 /* noelle-project.app */ = {isa = PBXFileReference; explicitFileType = wrapper.application; includeInIndex = 0; path = "noelle-project.app"; sourceTree = BUILT_PRODUCTS_DIR; };
		CEC4872224E2B5AB00D4A3D5 /* AppDelegate.swift */ = {isa = PBXFileReference; lastKnownFileType = sourcecode.swift; path = AppDelegate.swift; sourceTree = "<group>"; };
		CEC4872424E2B5AB00D4A3D5 /* SceneDelegate.swift */ = {isa = PBXFileReference; lastKnownFileType = sourcecode.swift; path = SceneDelegate.swift; sourceTree = "<group>"; };
		CEC4872624E2B5AB00D4A3D5 /* ViewController.swift */ = {isa = PBXFileReference; lastKnownFileType = sourcecode.swift; path = ViewController.swift; sourceTree = "<group>"; };
		CEC4872924E2B5AB00D4A3D5 /* Base */ = {isa = PBXFileReference; lastKnownFileType = file.storyboard; name = Base; path = Base.lproj/Main.storyboard; sourceTree = "<group>"; };
		CEC4872B24E2B5AD00D4A3D5 /* Assets.xcassets */ = {isa = PBXFileReference; lastKnownFileType = folder.assetcatalog; path = Assets.xcassets; sourceTree = "<group>"; };
		CEC4872E24E2B5AD00D4A3D5 /* Base */ = {isa = PBXFileReference; lastKnownFileType = file.storyboard; name = Base; path = Base.lproj/LaunchScreen.storyboard; sourceTree = "<group>"; };
		CEC4873024E2B5AD00D4A3D5 /* Info.plist */ = {isa = PBXFileReference; lastKnownFileType = text.plist.xml; path = Info.plist; sourceTree = "<group>"; };
/* End PBXFileReference section */

/* Begin PBXFrameworksBuildPhase section */
		CEC4871C24E2B5AB00D4A3D5 /* Frameworks */ = {
			isa = PBXFrameworksBuildPhase;
			buildActionMask = 2147483647;
			files = (
			);
			runOnlyForDeploymentPostprocessing = 0;
		};
/* End PBXFrameworksBuildPhase section */

/* Begin PBXGroup section */
		CEC4871624E2B5AB00D4A3D5 = {
			isa = PBXGroup;
			children = (
				CEC4872124E2B5AB00D4A3D5 /* noelle-project */,
				CEC4872024E2B5AB00D4A3D5 /* Products */,
			);
			sourceTree = "<group>";
		};
		CEC4872024E2B5AB00D4A3D5 /* Products */ = {
			isa = PBXGroup;
			children = (
				CEC4871F24E2B5AB00D4A3D5 /* noelle-project.app */,
			);
			name = Products;
			sourceTree = "<group>";
		};
		CEC4872124E2B5AB00D4A3D5 /* noelle-project */ = {
			isa = PBXGroup;
			children = (
				CEC4872224E2B5AB00D4A3D5 /* AppDelegate.swift */,
				CEC4872424E2B5AB00D4A3D5 /* SceneDelegate.swift */,
				CEC4872624E2B5AB00D4A3D5 /* ViewController.swift */,
				CEC4872824E2B5AB00D4A3D5 /* Main.storyboard */,
				CEC4872B24E2B5AD00D4A3D5 /* Assets.xcassets */,
				CEC4872D24E2B5AD00D4A3D5 /* LaunchScreen.storyboard */,
				CEC4873024E2B5AD00D4A3D5 /* Info.plist */,
			);
			path = "noelle-project";
			sourceTree = "<group>";
		};
/* End PBXGroup section */

/* Begin PBXNativeTarget section */
		CEC4871E24E2B5AB00D4A3D5 /* noelle-project */ = {
			isa = PBXNativeTarget;
			buildConfigurationList = CEC4873324E2B5AD00D4A3D5 /* Build configuration list for PBXNativeTarget "noelle-project" */;
			buildPhases = (
				CEC4871B24E2B5AB00D4A3D5 /* Sources */,
				CEC4871C24E2B5AB00D4A3D5 /* Frameworks */,
				CEC4871D24E2B5AB00D4A3D5 /* Resources */,
			);
			buildRules = (
			);
			dependencies = (
			);
			name = "noelle-project";
			productName = "noelle-project";
			productReference = CEC4871F24E2B5AB00D4A3D5 /* noelle-project.app */;
			productType = "com.apple.product-type.application";
		};
/* End PBXNativeTarget section */

/* Begin PBXProject section */
		CEC4871724E2B5AB00D4A3D5 /* Project object */ = {
			isa = PBXProject;
			attributes = {
				LastSwiftUpdateCheck = 1160;
				LastUpgradeCheck = 1160;
				ORGANIZATIONNAME = "Pedro Ivo de Faria Ramos";
				TargetAttributes = {
					CEC4871E24E2B5AB00D4A3D5 = {
						CreatedOnToolsVersion = 11.6;
					};
				};
			};
			buildConfigurationList = CEC4871A24E2B5AB00D4A3D5 /* Build configuration list for PBXProject "noelle-project" */;
			compatibilityVersion = "Xcode 9.3";
			developmentRegion = en;
			hasScannedForEncodings = 0;
			knownRegions = (
				en,
				Base,
			);
			mainGroup = CEC4871624E2B5AB00D4A3D5;
			productRefGroup = CEC4872024E2B5AB00D4A3D5 /* Products */;
			projectDirPath = "";
			projectRoot = "";
			targets = (
				CEC4871E24E2B5AB00D4A3D5 /* noelle-project */,
			);
		};
/* End PBXProject section */

/* Begin PBXResourcesBuildPhase section */
		CEC4871D24E2B5AB00D4A3D5 /* Resources */ = {
			isa = PBXResourcesBuildPhase;
			buildActionMask = 2147483647;
			files = (
				CEC4872F24E2B5AD00D4A3D5 /* LaunchScreen.storyboard in Resources */,
				CEC4872C24E2B5AD00D4A3D5 /* Assets.xcassets in Resources */,
				CEC4872A24E2B5AB00D4A3D5 /* Main.storyboard in Resources */,
			);
			runOnlyForDeploymentPostprocessing = 0;
		};
/* End PBXResourcesBuildPhase section */

/* Begin PBXSourcesBuildPhase section */
		CEC4871B24E2B5AB00D4A3D5 /* Sources */ = {
			isa = PBXSourcesBuildPhase;
			buildActionMask = 2147483647;
			files = (
				CEC4872724E2B5AB00D4A3D5 /* ViewController.swift in Sources */,
				CEC4872324E2B5AB00D4A3D5 /* AppDelegate.swift in Sources */,
				CEC4872524E2B5AB00D4A3D5 /* SceneDelegate.swift in Sources */,
			);
			runOnlyForDeploymentPostprocessing = 0;
		};
/* End PBXSourcesBuildPhase section */

/* Begin PBXVariantGroup section */
		CEC4872824E2B5AB00D4A3D5 /* Main.storyboard */ = {
			isa = PBXVariantGroup;
			children = (
				CEC4872924E2B5AB00D4A3D5 /* Base */,
			);
			name = Main.storyboard;
			sourceTree = "<group>";
		};
		CEC4872D24E2B5AD00D4A3D5 /* LaunchScreen.storyboard */ = {
			isa = PBXVariantGroup;
			children = (
				CEC4872E24E2B5AD00D4A3D5 /* Base */,
			);
			name = LaunchScreen.storyboard;
			sourceTree = "<group>";
		};
/* End PBXVariantGroup section */

/* Begin XCBuildConfiguration section */
		CEC4873124E2B5AD00D4A3D5 /* Debug */ = {
			isa = XCBuildConfiguration;
			buildSettings = {
				ALWAYS_SEARCH_USER_PATHS = NO;
				CLANG_ANALYZER_NONNULL = YES;
				CLANG_ANALYZER_NUMBER_OBJECT_CONVERSION = YES_AGGRESSIVE;
				CLANG_CXX_LANGUAGE_STANDARD = "gnu++14";
				CLANG_CXX_LIBRARY = "libc++";
				CLANG_ENABLE_MODULES = YES;
				CLANG_ENABLE_OBJC_ARC = YES;
				CLANG_ENABLE_OBJC_WEAK = YES;
				CLANG_WARN_BLOCK_CAPTURE_AUTORELEASING = YES;
				CLANG_WARN_BOOL_CONVERSION = YES;
				CLANG_WARN_COMMA = YES;
				CLANG_WARN_CONSTANT_CONVERSION = YES;
				CLANG_WARN_DEPRECATED_OBJC_IMPLEMENTATIONS = YES;
				CLANG_WARN_DIRECT_OBJC_ISA_USAGE = YES_ERROR;
				CLANG_WARN_DOCUMENTATION_COMMENTS = YES;
				CLANG_WARN_EMPTY_BODY = YES;
				CLANG_WARN_ENUM_CONVERSION = YES;
				CLANG_WARN_INFINITE_RECURSION = YES;
				CLANG_WARN_INT_CONVERSION = YES;
				CLANG_WARN_NON_LITERAL_NULL_CONVERSION = YES;
				CLANG_WARN_OBJC_IMPLICIT_RETAIN_SELF = YES;
				CLANG_WARN_OBJC_LITERAL_CONVERSION = YES;
				CLANG_WARN_OBJC_ROOT_CLASS = YES_ERROR;
				CLANG_WARN_RANGE_LOOP_ANALYSIS = YES;
				CLANG_WARN_STRICT_PROTOTYPES = YES;
				CLANG_WARN_SUSPICIOUS_MOVE = YES;
				CLANG_WARN_UNGUARDED_AVAILABILITY = YES_AGGRESSIVE;
				CLANG_WARN_UNREACHABLE_CODE = YES;
				CLANG_WARN__DUPLICATE_METHOD_MATCH = YES;
				COPY_PHASE_STRIP = NO;
				DEBUG_INFORMATION_FORMAT = dwarf;
				ENABLE_STRICT_OBJC_MSGSEND = YES;
				ENABLE_TESTABILITY = YES;
				GCC_C_LANGUAGE_STANDARD = gnu11;
				GCC_DYNAMIC_NO_PIC = NO;
				GCC_NO_COMMON_BLOCKS = YES;
				GCC_OPTIMIZATION_LEVEL = 0;
				GCC_PREPROCESSOR_DEFINITIONS = (
					"DEBUG=1",
					"$(inherited)",
				);
				GCC_WARN_64_TO_32_BIT_CONVERSION = YES;
				GCC_WARN_ABOUT_RETURN_TYPE = YES_ERROR;
				GCC_WARN_UNDECLARED_SELECTOR = YES;
				GCC_WARN_UNINITIALIZED_AUTOS = YES_AGGRESSIVE;
				GCC_WARN_UNUSED_FUNCTION = YES;
				GCC_WARN_UNUSED_VARIABLE = YES;
				IPHONEOS_DEPLOYMENT_TARGET = 13.6;
				MTL_ENABLE_DEBUG_INFO = INCLUDE_SOURCE;
				MTL_FAST_MATH = YES;
				ONLY_ACTIVE_ARCH = YES;
				SDKROOT = iphoneos;
				SWIFT_ACTIVE_COMPILATION_CONDITIONS = DEBUG;
				SWIFT_OPTIMIZATION_LEVEL = "-Onone";
			};
			name = Debug;
		};
		CEC4873224E2B5AD00D4A3D5 /* Release */ = {
			isa = XCBuildConfiguration;
			buildSettings = {
				ALWAYS_SEARCH_USER_PATHS = NO;
				CLANG_ANALYZER_NONNULL = YES;
				CLANG_ANALYZER_NUMBER_OBJECT_CONVERSION = YES_AGGRESSIVE;
				CLANG_CXX_LANGUAGE_STANDARD = "gnu++14";
				CLANG_CXX_LIBRARY = "libc++";
				CLANG_ENABLE_MODULES = YES;
				CLANG_ENABLE_OBJC_ARC = YES;
				CLANG_ENABLE_OBJC_WEAK = YES;
				CLANG_WARN_BLOCK_CAPTURE_AUTORELEASING = YES;
				CLANG_WARN_BOOL_CONVERSION = YES;
				CLANG_WARN_COMMA = YES;
				CLANG_WARN_CONSTANT_CONVERSION = YES;
				CLANG_WARN_DEPRECATED_OBJC_IMPLEMENTATIONS = YES;
				CLANG_WARN_DIRECT_OBJC_ISA_USAGE = YES_ERROR;
				CLANG_WARN_DOCUMENTATION_COMMENTS = YES;
				CLANG_WARN_EMPTY_BODY = YES;
				CLANG_WARN_ENUM_CONVERSION = YES;
				CLANG_WARN_INFINITE_RECURSION = YES;
				CLANG_WARN_INT_CONVERSION = YES;
				CLANG_WARN_NON_LITERAL_NULL_CONVERSION = YES;
				CLANG_WARN_OBJC_IMPLICIT_RETAIN_SELF = YES;
				CLANG_WARN_OBJC_LITERAL_CONVERSION = YES;
				CLANG_WARN_OBJC_ROOT_CLASS = YES_ERROR;
				CLANG_WARN_RANGE_LOOP_ANALYSIS = YES;
				CLANG_WARN_STRICT_PROTOTYPES = YES;
				CLANG_WARN_SUSPICIOUS_MOVE = YES;
				CLANG_WARN_UNGUARDED_AVAILABILITY = YES_AGGRESSIVE;
				CLANG_WARN_UNREACHABLE_CODE = YES;
				CLANG_WARN__DUPLICATE_METHOD_MATCH = YES;
				COPY_PHASE_STRIP = NO;
				DEBUG_INFORMATION_FORMAT = "dwarf-with-dsym";
				ENABLE_NS_ASSERTIONS = NO;
				ENABLE_STRICT_OBJC_MSGSEND = YES;
				GCC_C_LANGUAGE_STANDARD = gnu11;
				GCC_NO_COMMON_BLOCKS = YES;
				GCC_WARN_64_TO_32_BIT_CONVERSION = YES;
				GCC_WARN_ABOUT_RETURN_TYPE = YES_ERROR;
				GCC_WARN_UNDECLARED_SELECTOR = YES;
				GCC_WARN_UNINITIALIZED_AUTOS = YES_AGGRESSIVE;
				GCC_WARN_UNUSED_FUNCTION = YES;
				GCC_WARN_UNUSED_VARIABLE = YES;
				IPHONEOS_DEPLOYMENT_TARGET = 13.6;
				MTL_ENABLE_DEBUG_INFO = NO;
				MTL_FAST_MATH = YES;
				SDKROOT = iphoneos;
				SWIFT_COMPILATION_MODE = wholemodule;
				SWIFT_OPTIMIZATION_LEVEL = "-O";
				VALIDATE_PRODUCT = YES;
			};
			name = Release;
		};
		CEC4873424E2B5AD00D4A3D5 /* Debug */ = {
			isa = XCBuildConfiguration;
			buildSettings = {
				ASSETCATALOG_COMPILER_APPICON_NAME = AppIcon;
				CODE_SIGN_STYLE = Automatic;
				DEVELOPMENT_TEAM = S94267YFNK;
				INFOPLIST_FILE = "noelle-project/Info.plist";
				LD_RUNPATH_SEARCH_PATHS = (
					"$(inherited)",
					"@executable_path/Frameworks",
				);
				PRODUCT_BUNDLE_IDENTIFIER = "try-pedro.noelle-project";
				PRODUCT_NAME = "$(TARGET_NAME)";
				SWIFT_VERSION = 5.0;
				TARGETED_DEVICE_FAMILY = "1,2";
			};
			name = Debug;
		};
		CEC4873524E2B5AD00D4A3D5 /* Release */ = {
			isa = XCBuildConfiguration;
			buildSettings = {
				ASSETCATALOG_COMPILER_APPICON_NAME = AppIcon;
				CODE_SIGN_STYLE = Automatic;
				DEVELOPMENT_TEAM = S94267YFNK;
				INFOPLIST_FILE = "noelle-project/Info.plist";
				LD_RUNPATH_SEARCH_PATHS = (
					"$(inherited)",
					"@executable_path/Frameworks",
				);
				PRODUCT_BUNDLE_IDENTIFIER = "try-pedro.noelle-project";
				PRODUCT_NAME = "$(TARGET_NAME)";
				SWIFT_VERSION = 5.0;
				TARGETED_DEVICE_FAMILY = "1,2";
			};
			name = Release;
		};
/* End XCBuildConfiguration section */

/* Begin XCConfigurationList section */
		CEC4871A24E2B5AB00D4A3D5 /* Build configuration list for PBXProject "noelle-project" */ = {
			isa = XCConfigurationList;
			buildConfigurations = (
				CEC4873124E2B5AD00D4A3D5 /* Debug */,
				CEC4873224E2B5AD00D4A3D5 /* Release */,
			);
			defaultConfigurationIsVisible = 0;
			defaultConfigurationName = Release;
		};
		CEC4873324E2B5AD00D4A3D5 /* Build configuration list for PBXNativeTarget "noelle-project" */ = {
			isa = XCConfigurationList;
			buildConfigurations = (
				CEC4873424E2B5AD00D4A3D5 /* Debug */,
				CEC4873524E2B5AD00D4A3D5 /* Release */,
			);
			defaultConfigurationIsVisible = 0;
			defaultConfigurationName = Release;
		};
/* End XCConfigurationList section */
	};
	rootObject = CEC4871724E2B5AB00D4A3D5 /* Project object */;
}
